name: test lock

on:
  workflow_dispatch:
    inputs:
      environment:
        description: 'Environment to deploy to'
        required: true
        default: dev
        type: choice
        options:
          - dev
          - prod

jobs:
  deploy:
    runs-on: ubuntu-latest
    environment: ${{ github.event.inputs.environment }}
    steps:
      - name: Checkout
        uses: actions/checkout@v4

      - name: Deploy to environment
        run: |
          echo "Deploying to ${{ github.event.inputs.environment }} environment..."
          # Your deployment steps go here
